{
    "name": "com.phonegap.helloworld",
    "version": "1.0.0",
    "lockfileVersion": 1,
    "requires": true,
    "dependencies": {
        "android": {
            "version": "0.0.8",
            "resolved": "https://registry.npmjs.org/android/-/android-0.0.8.tgz",
            "integrity": "sha1-pbA96SDXQ3o0zOzuXuEn7x5Elak="
        },
        "cordova-support-google-services": {
            "version": "1.3.1",
            "resolved": "https://registry.npmjs.org/cordova-support-google-services/-/cordova-support-google-services-1.3.1.tgz",
            "integrity": "sha512-YbFWYBSkbErZh/moothPZG/p1p79ytXTc0iR4YHypBXg9TSDp7M7wm5eKk0f6wV4Ugv6a7UgBvAEtq2nllI8UA=="
        },
        "phonegap-plugin-push": {
            "version": "1.8.4",
            "resolved": "https://registry.npmjs.org/phonegap-plugin-push/-/phonegap-plugin-push-1.8.4.tgz",
            "integrity": "sha1-sGH+NaXrwvy+WWgYtladgdpmWqE="
        }
    }
}
